
Microsoft Visual Studio Solution File, Format Version 12.00
# Visual Studio Version 17
VisualStudioVersion = 17.0.31903.59
MinimumVisualStudioVersion = 10.0.40219.1
Project("{FAE04EC0-301F-11D3-BF4B-00C04F79EFBC}") = "ExampleStub", "ExampleStub\ExampleStub.csproj", "{00A8C109-8F14-4A8F-B773-742FA11E82D2}"
EndProject
Project("{FAE04EC0-301F-11D3-BF4B-00C04F79EFBC}") = "ExampleStub.Tests", "ExampleStub.Tests\ExampleStub.Tests.csproj", "{DC37FA8F-AF53-410C-9185-19B6FEF96143}"
EndProject
Global
	GlobalSection(SolutionConfigurationPlatforms) = preSolution
		Debug|Any CPU = Debug|Any CPU
		Release|Any CPU = Release|Any CPU
	EndGlobalSection
	GlobalSection(SolutionProperties) = preSolution
		HideSolutionNode = FALSE
	EndGlobalSection
	GlobalSection(ProjectConfigurationPlatforms) = postSolution
		{00A8C109-8F14-4A8F-B773-742FA11E82D2}.Debug|Any CPU.ActiveCfg = Debug|Any CPU
		{00A8C109-8F14-4A8F-B773-742FA11E82D2}.Debug|Any CPU.Build.0 = Debug|Any CPU
		{00A8C109-8F14-4A8F-B773-742FA11E82D2}.Release|Any CPU.ActiveCfg = Release|Any CPU
		{00A8C109-8F14-4A8F-B773-742FA11E82D2}.Release|Any CPU.Build.0 = Release|Any CPU
		{DC37FA8F-AF53-410C-9185-19B6FEF96143}.Debug|Any CPU.ActiveCfg = Debug|Any CPU
		{DC37FA8F-AF53-410C-9185-19B6FEF96143}.Debug|Any CPU.Build.0 = Debug|Any CPU
		{DC37FA8F-AF53-410C-9185-19B6FEF96143}.Release|Any CPU.ActiveCfg = Release|Any CPU
		{DC37FA8F-AF53-410C-9185-19B6FEF96143}.Release|Any CPU.Build.0 = Release|Any CPU
	EndGlobalSection
EndGlobal
